
Microsoft Visual Studio Solution File, Format Version 12.00
# Visual Studio Version 17
VisualStudioVersion = 17.3.32929.385
MinimumVisualStudioVersion = 10.0.40219.1
Project("{9A19103F-16F7-4668-BE54-9A1E7A4F7556}") = "Employees", "Employees.csproj", "{6C54A4D9-EA56-496F-B816-C3DE53B9DB28}"
EndProject
Global
	GlobalSection(SolutionConfigurationPlatforms) = preSolution
		Debug|Any CPU = Debug|Any CPU
		Release|Any CPU = Release|Any CPU
	EndGlobalSection
	GlobalSection(ProjectConfigurationPlatforms) = postSolution
		{6C54A4D9-EA56-496F-B816-C3DE53B9DB28}.Debug|Any CPU.ActiveCfg = Debug|Any CPU
		{6C54A4D9-EA56-496F-B816-C3DE53B9DB28}.Debug|Any CPU.Build.0 = Debug|Any CPU
		{6C54A4D9-EA56-496F-B816-C3DE53B9DB28}.Release|Any CPU.ActiveCfg = Release|Any CPU
		{6C54A4D9-EA56-496F-B816-C3DE53B9DB28}.Release|Any CPU.Build.0 = Release|Any CPU
	EndGlobalSection
	GlobalSection(SolutionProperties) = preSolution
		HideSolutionNode = FALSE
	EndGlobalSection
	GlobalSection(ExtensibilityGlobals) = postSolution
		SolutionGuid = {1B171FFE-52A8-488E-8B7D-8CB5DD9B1C8E}
	EndGlobalSection
EndGlobal
